// !$*UTF8*$!
{
	archiveVersion = 1;
	classes = {
	};
	objectVersion = 48;
	objects = {

/* Begin PBXBuildFile section */
		24955DDA1513EB8F39A4E83B /* Pods_Whatsthat.framework in Frameworks */ = {isa = PBXBuildFile; fileRef = 7CC0C51AD7A6E3E49D613E6D /* Pods_Whatsthat.framework */; };
		653D0A721FE0825800822AAA /* LocationFinder.swift in Sources */ = {isa = PBXBuildFile; fileRef = 653D0A711FE0825700822AAA /* LocationFinder.swift */; };
		653D0A741FE08B8600822AAA /* MapViewController.swift in Sources */ = {isa = PBXBuildFile; fileRef = 653D0A731FE08B8600822AAA /* MapViewController.swift */; };
		653D99911FC8F5C100982CB4 /* DescTableViewCell.swift in Sources */ = {isa = PBXBuildFile; fileRef = 653D99901FC8F5C100982CB4 /* DescTableViewCell.swift */; };
		653D99991FC8FD6700982CB4 /* DataFetcher.swift in Sources */ = {isa = PBXBuildFile; fileRef = 653D99981FC8FD6700982CB4 /* DataFetcher.swift */; };
		653D999D1FC91BCC00982CB4 /* Constants.swift in Sources */ = {isa = PBXBuildFile; fileRef = 653D999C1FC91BCC00982CB4 /* Constants.swift */; };
		653D999F1FC92AF600982CB4 /* ImageDescModel.swift in Sources */ = {isa = PBXBuildFile; fileRef = 653D999E1FC92AF600982CB4 /* ImageDescModel.swift */; };
		656FB2901FC7B79400EE5654 /* DescListViewController.swift in Sources */ = {isa = PBXBuildFile; fileRef = 656FB28F1FC7B79400EE5654 /* DescListViewController.swift */; };
		6572A6FA1FD24A6A00B622B0 /* PersistanceManager.swift in Sources */ = {isa = PBXBuildFile; fileRef = 6572A6F91FD24A6A00B622B0 /* PersistanceManager.swift */; };
		6572A6FC1FD24EF200B622B0 /* FavoriteModel.swift in Sources */ = {isa = PBXBuildFile; fileRef = 6572A6FB1FD24EF200B622B0 /* FavoriteModel.swift */; };
		6572A6FE1FD2665A00B622B0 /* FavoriatesViewController.swift in Sources */ = {isa = PBXBuildFile; fileRef = 6572A6FD1FD2665A00B622B0 /* FavoriatesViewController.swift */; };
		6572A7001FD266C900B622B0 /* FavoriatesTableViewCell.swift in Sources */ = {isa = PBXBuildFile; fileRef = 6572A6FF1FD266C900B622B0 /* FavoriatesTableViewCell.swift */; };
		657ADBD11FCBB52B004DABB8 /* SummaryViewController.swift in Sources */ = {isa = PBXBuildFile; fileRef = 657ADBD01FCBB52B004DABB8 /* SummaryViewController.swift */; };
		657ADBD31FCBD34E004DABB8 /* SummaryModel.swift in Sources */ = {isa = PBXBuildFile; fileRef = 657ADBD21FCBD34E004DABB8 /* SummaryModel.swift */; };
		65E211281FDFA89D006F83A7 /* GoogleVisionStruct.swift in Sources */ = {isa = PBXBuildFile; fileRef = 65E211271FDFA89D006F83A7 /* GoogleVisionStruct.swift */; };
		65E5C0521FBBB1A0005E2BA1 /* AppDelegate.swift in Sources */ = {isa = PBXBuildFile; fileRef = 65E5C0511FBBB1A0005E2BA1 /* AppDelegate.swift */; };
		65E5C0541FBBB1A0005E2BA1 /* ViewController.swift in Sources */ = {isa = PBXBuildFile; fileRef = 65E5C0531FBBB1A0005E2BA1 /* ViewController.swift */; };
		65E5C0571FBBB1A0005E2BA1 /* Main.storyboard in Resources */ = {isa = PBXBuildFile; fileRef = 65E5C0551FBBB1A0005E2BA1 /* Main.storyboard */; };
		65E5C0591FBBB1A0005E2BA1 /* Assets.xcassets in Resources */ = {isa = PBXBuildFile; fileRef = 65E5C0581FBBB1A0005E2BA1 /* Assets.xcassets */; };
		65E5C05C1FBBB1A0005E2BA1 /* LaunchScreen.storyboard in Resources */ = {isa = PBXBuildFile; fileRef = 65E5C05A1FBBB1A0005E2BA1 /* LaunchScreen.storyboard */; };
/* End PBXBuildFile section */

/* Begin PBXFileReference section */
		1DF2B38CA7D256F8BD6C43D5 /* Pods-Whatsthat.debug.xcconfig */ = {isa = PBXFileReference; includeInIndex = 1; lastKnownFileType = text.xcconfig; name = "Pods-Whatsthat.debug.xcconfig"; path = "Pods/Target Support Files/Pods-Whatsthat/Pods-Whatsthat.debug.xcconfig"; sourceTree = "<group>"; };
		653D0A711FE0825700822AAA /* LocationFinder.swift */ = {isa = PBXFileReference; fileEncoding = 4; lastKnownFileType = sourcecode.swift; path = LocationFinder.swift; sourceTree = "<group>"; };
		653D0A731FE08B8600822AAA /* MapViewController.swift */ = {isa = PBXFileReference; lastKnownFileType = sourcecode.swift; path = MapViewController.swift; sourceTree = "<group>"; };
		653D99901FC8F5C100982CB4 /* DescTableViewCell.swift */ = {isa = PBXFileReference; lastKnownFileType = sourcecode.swift; path = DescTableViewCell.swift; sourceTree = "<group>"; };
		653D99981FC8FD6700982CB4 /* DataFetcher.swift */ = {isa = PBXFileReference; lastKnownFileType = sourcecode.swift; path = DataFetcher.swift; sourceTree = "<group>"; };
		653D999C1FC91BCC00982CB4 /* Constants.swift */ = {isa = PBXFileReference; lastKnownFileType = sourcecode.swift; path = Constants.swift; sourceTree = "<group>"; };
		653D999E1FC92AF600982CB4 /* ImageDescModel.swift */ = {isa = PBXFileReference; lastKnownFileType = sourcecode.swift; path = ImageDescModel.swift; sourceTree = "<group>"; };
		656FB28F1FC7B79400EE5654 /* DescListViewController.swift */ = {isa = PBXFileReference; lastKnownFileType = sourcecode.swift; path = DescListViewController.swift; sourceTree = "<group>"; };
		6572A6F91FD24A6A00B622B0 /* PersistanceManager.swift */ = {isa = PBXFileReference; lastKnownFileType = sourcecode.swift; path = PersistanceManager.swift; sourceTree = "<group>"; };
		6572A6FB1FD24EF200B622B0 /* FavoriteModel.swift */ = {isa = PBXFileReference; lastKnownFileType = sourcecode.swift; path = FavoriteModel.swift; sourceTree = "<group>"; };
		6572A6FD1FD2665A00B622B0 /* FavoriatesViewController.swift */ = {isa = PBXFileReference; lastKnownFileType = sourcecode.swift; path = FavoriatesViewController.swift; sourceTree = "<group>"; };
		6572A6FF1FD266C900B622B0 /* FavoriatesTableViewCell.swift */ = {isa = PBXFileReference; lastKnownFileType = sourcecode.swift; path = FavoriatesTableViewCell.swift; sourceTree = "<group>"; };
		657ADBD01FCBB52B004DABB8 /* SummaryViewController.swift */ = {isa = PBXFileReference; lastKnownFileType = sourcecode.swift; path = SummaryViewController.swift; sourceTree = "<group>"; };
		657ADBD21FCBD34E004DABB8 /* SummaryModel.swift */ = {isa = PBXFileReference; lastKnownFileType = sourcecode.swift; path = SummaryModel.swift; sourceTree = "<group>"; };
		65E211271FDFA89D006F83A7 /* GoogleVisionStruct.swift */ = {isa = PBXFileReference; lastKnownFileType = sourcecode.swift; path = GoogleVisionStruct.swift; sourceTree = "<group>"; };
		65E5C04E1FBBB1A0005E2BA1 /* Whatsthat.app */ = {isa = PBXFileReference; explicitFileType = wrapper.application; includeInIndex = 0; path = Whatsthat.app; sourceTree = BUILT_PRODUCTS_DIR; };
		65E5C0511FBBB1A0005E2BA1 /* AppDelegate.swift */ = {isa = PBXFileReference; lastKnownFileType = sourcecode.swift; path = AppDelegate.swift; sourceTree = "<group>"; };
		65E5C0531FBBB1A0005E2BA1 /* ViewController.swift */ = {isa = PBXFileReference; lastKnownFileType = sourcecode.swift; path = ViewController.swift; sourceTree = "<group>"; };
		65E5C0561FBBB1A0005E2BA1 /* Base */ = {isa = PBXFileReference; lastKnownFileType = file.storyboard; name = Base; path = Base.lproj/Main.storyboard; sourceTree = "<group>"; };
		65E5C0581FBBB1A0005E2BA1 /* Assets.xcassets */ = {isa = PBXFileReference; lastKnownFileType = folder.assetcatalog; path = Assets.xcassets; sourceTree = "<group>"; };
		65E5C05B1FBBB1A0005E2BA1 /* Base */ = {isa = PBXFileReference; lastKnownFileType = file.storyboard; name = Base; path = Base.lproj/LaunchScreen.storyboard; sourceTree = "<group>"; };
		65E5C05D1FBBB1A0005E2BA1 /* Info.plist */ = {isa = PBXFileReference; lastKnownFileType = text.plist.xml; path = Info.plist; sourceTree = "<group>"; };
		7CC0C51AD7A6E3E49D613E6D /* Pods_Whatsthat.framework */ = {isa = PBXFileReference; explicitFileType = wrapper.framework; includeInIndex = 0; path = Pods_Whatsthat.framework; sourceTree = BUILT_PRODUCTS_DIR; };
		90BC4AFF5FBCA22EFDFFFA82 /* Pods-Whatsthat.release.xcconfig */ = {isa = PBXFileReference; includeInIndex = 1; lastKnownFileType = text.xcconfig; name = "Pods-Whatsthat.release.xcconfig"; path = "Pods/Target Support Files/Pods-Whatsthat/Pods-Whatsthat.release.xcconfig"; sourceTree = "<group>"; };
/* End PBXFileReference section */

/* Begin PBXFrameworksBuildPhase section */
		65E5C04B1FBBB1A0005E2BA1 /* Frameworks */ = {
			isa = PBXFrameworksBuildPhase;
			buildActionMask = 2147483647;
			files = (
				24955DDA1513EB8F39A4E83B /* Pods_Whatsthat.framework in Frameworks */,
			);
			runOnlyForDeploymentPostprocessing = 0;
		};
/* End PBXFrameworksBuildPhase section */

/* Begin PBXGroup section */
		653D99921FC8FA9600982CB4 /* Utils */ = {
			isa = PBXGroup;
			children = (
				653D0A711FE0825700822AAA /* LocationFinder.swift */,
				653D99981FC8FD6700982CB4 /* DataFetcher.swift */,
				653D999C1FC91BCC00982CB4 /* Constants.swift */,
				6572A6F91FD24A6A00B622B0 /* PersistanceManager.swift */,
			);
			path = Utils;
			sourceTree = "<group>";
		};
		653D99931FC8FA9F00982CB4 /* Model */ = {
			isa = PBXGroup;
			children = (
				65E211261FDFA883006F83A7 /* codable */,
				653D999E1FC92AF600982CB4 /* ImageDescModel.swift */,
				657ADBD21FCBD34E004DABB8 /* SummaryModel.swift */,
				6572A6FB1FD24EF200B622B0 /* FavoriteModel.swift */,
			);
			path = Model;
			sourceTree = "<group>";
		};
		653D99941FC8FAA600982CB4 /* View Controllers */ = {
			isa = PBXGroup;
			children = (
				656FB28F1FC7B79400EE5654 /* DescListViewController.swift */,
				65E5C0531FBBB1A0005E2BA1 /* ViewController.swift */,
				657ADBD01FCBB52B004DABB8 /* SummaryViewController.swift */,
				6572A6FD1FD2665A00B622B0 /* FavoriatesViewController.swift */,
				653D0A731FE08B8600822AAA /* MapViewController.swift */,
			);
			path = "View Controllers";
			sourceTree = "<group>";
		};
		653D99951FC8FAB700982CB4 /* Views */ = {
			isa = PBXGroup;
			children = (
				65E5C05A1FBBB1A0005E2BA1 /* LaunchScreen.storyboard */,
				65E5C0551FBBB1A0005E2BA1 /* Main.storyboard */,
				653D99901FC8F5C100982CB4 /* DescTableViewCell.swift */,
				6572A6FF1FD266C900B622B0 /* FavoriatesTableViewCell.swift */,
			);
			path = Views;
			sourceTree = "<group>";
		};
		65E211261FDFA883006F83A7 /* codable */ = {
			isa = PBXGroup;
			children = (
				65E211271FDFA89D006F83A7 /* GoogleVisionStruct.swift */,
			);
			path = codable;
			sourceTree = "<group>";
		};
		65E5C0451FBBB1A0005E2BA1 = {
			isa = PBXGroup;
			children = (
				65E5C0501FBBB1A0005E2BA1 /* Whatsthat */,
				65E5C04F1FBBB1A0005E2BA1 /* Products */,
				7E4657BD8A0849E891E935DF /* Pods */,
				91E78B47C24DAD2628ED8C49 /* Frameworks */,
			);
			sourceTree = "<group>";
		};
		65E5C04F1FBBB1A0005E2BA1 /* Products */ = {
			isa = PBXGroup;
			children = (
				65E5C04E1FBBB1A0005E2BA1 /* Whatsthat.app */,
			);
			name = Products;
			sourceTree = "<group>";
		};
		65E5C0501FBBB1A0005E2BA1 /* Whatsthat */ = {
			isa = PBXGroup;
			children = (
				653D99951FC8FAB700982CB4 /* Views */,
				653D99941FC8FAA600982CB4 /* View Controllers */,
				653D99931FC8FA9F00982CB4 /* Model */,
				653D99921FC8FA9600982CB4 /* Utils */,
				65E5C0511FBBB1A0005E2BA1 /* AppDelegate.swift */,
				65E5C0581FBBB1A0005E2BA1 /* Assets.xcassets */,
				65E5C05D1FBBB1A0005E2BA1 /* Info.plist */,
			);
			path = Whatsthat;
			sourceTree = "<group>";
		};
		7E4657BD8A0849E891E935DF /* Pods */ = {
			isa = PBXGroup;
			children = (
				1DF2B38CA7D256F8BD6C43D5 /* Pods-Whatsthat.debug.xcconfig */,
				90BC4AFF5FBCA22EFDFFFA82 /* Pods-Whatsthat.release.xcconfig */,
			);
			name = Pods;
			sourceTree = "<group>";
		};
		91E78B47C24DAD2628ED8C49 /* Frameworks */ = {
			isa = PBXGroup;
			children = (
				7CC0C51AD7A6E3E49D613E6D /* Pods_Whatsthat.framework */,
			);
			name = Frameworks;
			sourceTree = "<group>";
		};
/* End PBXGroup section */

/* Begin PBXNativeTarget section */
		65E5C04D1FBBB1A0005E2BA1 /* Whatsthat */ = {
			isa = PBXNativeTarget;
			buildConfigurationList = 65E5C0601FBBB1A0005E2BA1 /* Build configuration list for PBXNativeTarget "Whatsthat" */;
			buildPhases = (
				FC321481F25D2A25327C27D8 /* [CP] Check Pods Manifest.lock */,
				65E5C04A1FBBB1A0005E2BA1 /* Sources */,
				65E5C04B1FBBB1A0005E2BA1 /* Frameworks */,
				65E5C04C1FBBB1A0005E2BA1 /* Resources */,
				D4578F320D20EF160B6AF286 /* [CP] Embed Pods Frameworks */,
				333ED04C7D7776E75683A8AC /* [CP] Copy Pods Resources */,
			);
			buildRules = (
			);
			dependencies = (
			);
			name = Whatsthat;
			productName = Whatsthat;
			productReference = 65E5C04E1FBBB1A0005E2BA1 /* Whatsthat.app */;
			productType = "com.apple.product-type.application";
		};
/* End PBXNativeTarget section */

/* Begin PBXProject section */
		65E5C0461FBBB1A0005E2BA1 /* Project object */ = {
			isa = PBXProject;
			attributes = {
				LastSwiftUpdateCheck = 0910;
				LastUpgradeCheck = 0910;
				ORGANIZATIONNAME = jinfeng;
				TargetAttributes = {
					65E5C04D1FBBB1A0005E2BA1 = {
						CreatedOnToolsVersion = 9.1;
						ProvisioningStyle = Automatic;
					};
				};
			};
			buildConfigurationList = 65E5C0491FBBB1A0005E2BA1 /* Build configuration list for PBXProject "Whatsthat" */;
			compatibilityVersion = "Xcode 8.0";
			developmentRegion = en;
			hasScannedForEncodings = 0;
			knownRegions = (
				en,
				Base,
			);
			mainGroup = 65E5C0451FBBB1A0005E2BA1;
			productRefGroup = 65E5C04F1FBBB1A0005E2BA1 /* Products */;
			projectDirPath = "";
			projectRoot = "";
			targets = (
				65E5C04D1FBBB1A0005E2BA1 /* Whatsthat */,
			);
		};
/* End PBXProject section */

/* Begin PBXResourcesBuildPhase section */
		65E5C04C1FBBB1A0005E2BA1 /* Resources */ = {
			isa = PBXResourcesBuildPhase;
			buildActionMask = 2147483647;
			files = (
				65E5C05C1FBBB1A0005E2BA1 /* LaunchScreen.storyboard in Resources */,
				65E5C0591FBBB1A0005E2BA1 /* Assets.xcassets in Resources */,
				65E5C0571FBBB1A0005E2BA1 /* Main.storyboard in Resources */,
			);
			runOnlyForDeploymentPostprocessing = 0;
		};
/* End PBXResourcesBuildPhase section */

/* Begin PBXShellScriptBuildPhase section */
		333ED04C7D7776E75683A8AC /* [CP] Copy Pods Resources */ = {
			isa = PBXShellScriptBuildPhase;
			buildActionMask = 2147483647;
			files = (
			);
			inputPaths = (
				"${SRCROOT}/Pods/Target Support Files/Pods-Whatsthat/Pods-Whatsthat-resources.sh",
				"${PODS_ROOT}/TwitterKit/iOS/TwitterKit.framework/TwitterKitResources.bundle",
				"${PODS_ROOT}/TwitterKit/iOS/TwitterKit.framework/TwitterShareExtensionUIResources.bundle",
			);
			name = "[CP] Copy Pods Resources";
			outputPaths = (
				"${TARGET_BUILD_DIR}/${UNLOCALIZED_RESOURCES_FOLDER_PATH}",
			);
			runOnlyForDeploymentPostprocessing = 0;
			shellPath = /bin/sh;
			shellScript = "\"${SRCROOT}/Pods/Target Support Files/Pods-Whatsthat/Pods-Whatsthat-resources.sh\"\n";
			showEnvVarsInLog = 0;
		};
		D4578F320D20EF160B6AF286 /* [CP] Embed Pods Frameworks */ = {
			isa = PBXShellScriptBuildPhase;
			buildActionMask = 2147483647;
			files = (
			);
			inputPaths = (
				"${SRCROOT}/Pods/Target Support Files/Pods-Whatsthat/Pods-Whatsthat-frameworks.sh",
				"${BUILT_PRODUCTS_DIR}/MBProgressHUD/MBProgressHUD.framework",
			);
			name = "[CP] Embed Pods Frameworks";
			outputPaths = (
				"${TARGET_BUILD_DIR}/${FRAMEWORKS_FOLDER_PATH}/MBProgressHUD.framework",
			);
			runOnlyForDeploymentPostprocessing = 0;
			shellPath = /bin/sh;
			shellScript = "\"${SRCROOT}/Pods/Target Support Files/Pods-Whatsthat/Pods-Whatsthat-frameworks.sh\"\n";
			showEnvVarsInLog = 0;
		};
		FC321481F25D2A25327C27D8 /* [CP] Check Pods Manifest.lock */ = {
			isa = PBXShellScriptBuildPhase;
			buildActionMask = 2147483647;
			files = (
			);
			inputPaths = (
				"${PODS_PODFILE_DIR_PATH}/Podfile.lock",
				"${PODS_ROOT}/Manifest.lock",
			);
			name = "[CP] Check Pods Manifest.lock";
			outputPaths = (
				"$(DERIVED_FILE_DIR)/Pods-Whatsthat-checkManifestLockResult.txt",
			);
			runOnlyForDeploymentPostprocessing = 0;
			shellPath = /bin/sh;
			shellScript = "diff \"${PODS_PODFILE_DIR_PATH}/Podfile.lock\" \"${PODS_ROOT}/Manifest.lock\" > /dev/null\nif [ $? != 0 ] ; then\n    # print error to STDERR\n    echo \"error: The sandbox is not in sync with the Podfile.lock. Run 'pod install' or update your CocoaPods installation.\" >&2\n    exit 1\nfi\n# This output is used by Xcode 'outputs' to avoid re-running this script phase.\necho \"SUCCESS\" > \"${SCRIPT_OUTPUT_FILE_0}\"\n";
			showEnvVarsInLog = 0;
		};
/* End PBXShellScriptBuildPhase section */

/* Begin PBXSourcesBuildPhase section */
		65E5C04A1FBBB1A0005E2BA1 /* Sources */ = {
			isa = PBXSourcesBuildPhase;
			buildActionMask = 2147483647;
			files = (
				653D0A721FE0825800822AAA /* LocationFinder.swift in Sources */,
				6572A6FA1FD24A6A00B622B0 /* PersistanceManager.swift in Sources */,
				653D99911FC8F5C100982CB4 /* DescTableViewCell.swift in Sources */,
				6572A6FC1FD24EF200B622B0 /* FavoriteModel.swift in Sources */,
				653D999F1FC92AF600982CB4 /* ImageDescModel.swift in Sources */,
				65E5C0541FBBB1A0005E2BA1 /* ViewController.swift in Sources */,
				6572A6FE1FD2665A00B622B0 /* FavoriatesViewController.swift in Sources */,
				65E211281FDFA89D006F83A7 /* GoogleVisionStruct.swift in Sources */,
				6572A7001FD266C900B622B0 /* FavoriatesTableViewCell.swift in Sources */,
				653D99991FC8FD6700982CB4 /* DataFetcher.swift in Sources */,
				653D999D1FC91BCC00982CB4 /* Constants.swift in Sources */,
				65E5C0521FBBB1A0005E2BA1 /* AppDelegate.swift in Sources */,
				656FB2901FC7B79400EE5654 /* DescListViewController.swift in Sources */,
				657ADBD31FCBD34E004DABB8 /* SummaryModel.swift in Sources */,
				657ADBD11FCBB52B004DABB8 /* SummaryViewController.swift in Sources */,
				653D0A741FE08B8600822AAA /* MapViewController.swift in Sources */,
			);
			runOnlyForDeploymentPostprocessing = 0;
		};
/* End PBXSourcesBuildPhase section */

/* Begin PBXVariantGroup section */
		65E5C0551FBBB1A0005E2BA1 /* Main.storyboard */ = {
			isa = PBXVariantGroup;
			children = (
				65E5C0561FBBB1A0005E2BA1 /* Base */,
			);
			name = Main.storyboard;
			sourceTree = "<group>";
		};
		65E5C05A1FBBB1A0005E2BA1 /* LaunchScreen.storyboard */ = {
			isa = PBXVariantGroup;
			children = (
				65E5C05B1FBBB1A0005E2BA1 /* Base */,
			);
			name = LaunchScreen.storyboard;
			sourceTree = "<group>";
		};
/* End PBXVariantGroup section */

/* Begin XCBuildConfiguration section */
		65E5C05E1FBBB1A0005E2BA1 /* Debug */ = {
			isa = XCBuildConfiguration;
			buildSettings = {
				ALWAYS_SEARCH_USER_PATHS = NO;
				CLANG_ANALYZER_NONNULL = YES;
				CLANG_ANALYZER_NUMBER_OBJECT_CONVERSION = YES_AGGRESSIVE;
				CLANG_CXX_LANGUAGE_STANDARD = "gnu++14";
				CLANG_CXX_LIBRARY = "libc++";
				CLANG_ENABLE_MODULES = YES;
				CLANG_ENABLE_OBJC_ARC = YES;
				CLANG_WARN_BLOCK_CAPTURE_AUTORELEASING = YES;
				CLANG_WARN_BOOL_CONVERSION = YES;
				CLANG_WARN_COMMA = YES;
				CLANG_WARN_CONSTANT_CONVERSION = YES;
				CLANG_WARN_DIRECT_OBJC_ISA_USAGE = YES_ERROR;
				CLANG_WARN_DOCUMENTATION_COMMENTS = YES;
				CLANG_WARN_EMPTY_BODY = YES;
				CLANG_WARN_ENUM_CONVERSION = YES;
				CLANG_WARN_INFINITE_RECURSION = YES;
				CLANG_WARN_INT_CONVERSION = YES;
				CLANG_WARN_NON_LITERAL_NULL_CONVERSION = YES;
				CLANG_WARN_OBJC_LITERAL_CONVERSION = YES;
				CLANG_WARN_OBJC_ROOT_CLASS = YES_ERROR;
				CLANG_WARN_RANGE_LOOP_ANALYSIS = YES;
				CLANG_WARN_STRICT_PROTOTYPES = YES;
				CLANG_WARN_SUSPICIOUS_MOVE = YES;
				CLANG_WARN_UNGUARDED_AVAILABILITY = YES_AGGRESSIVE;
				CLANG_WARN_UNREACHABLE_CODE = YES;
				CLANG_WARN__DUPLICATE_METHOD_MATCH = YES;
				CODE_SIGN_IDENTITY = "iPhone Developer";
				COPY_PHASE_STRIP = NO;
				DEBUG_INFORMATION_FORMAT = dwarf;
				ENABLE_STRICT_OBJC_MSGSEND = YES;
				ENABLE_TESTABILITY = YES;
				GCC_C_LANGUAGE_STANDARD = gnu11;
				GCC_DYNAMIC_NO_PIC = NO;
				GCC_NO_COMMON_BLOCKS = YES;
				GCC_OPTIMIZATION_LEVEL = 0;
				GCC_PREPROCESSOR_DEFINITIONS = (
					"DEBUG=1",
					"$(inherited)",
				);
				GCC_WARN_64_TO_32_BIT_CONVERSION = YES;
				GCC_WARN_ABOUT_RETURN_TYPE = YES_ERROR;
				GCC_WARN_UNDECLARED_SELECTOR = YES;
				GCC_WARN_UNINITIALIZED_AUTOS = YES_AGGRESSIVE;
				GCC_WARN_UNUSED_FUNCTION = YES;
				GCC_WARN_UNUSED_VARIABLE = YES;
				IPHONEOS_DEPLOYMENT_TARGET = 11.1;
				MTL_ENABLE_DEBUG_INFO = YES;
				ONLY_ACTIVE_ARCH = YES;
				SDKROOT = iphoneos;
				SWIFT_ACTIVE_COMPILATION_CONDITIONS = DEBUG;
				SWIFT_OPTIMIZATION_LEVEL = "-Onone";
			};
			name = Debug;
		};
		65E5C05F1FBBB1A0005E2BA1 /* Release */ = {
			isa = XCBuildConfiguration;
			buildSettings = {
				ALWAYS_SEARCH_USER_PATHS = NO;
				CLANG_ANALYZER_NONNULL = YES;
				CLANG_ANALYZER_NUMBER_OBJECT_CONVERSION = YES_AGGRESSIVE;
				CLANG_CXX_LANGUAGE_STANDARD = "gnu++14";
				CLANG_CXX_LIBRARY = "libc++";
				CLANG_ENABLE_MODULES = YES;
				CLANG_ENABLE_OBJC_ARC = YES;
				CLANG_WARN_BLOCK_CAPTURE_AUTORELEASING = YES;
				CLANG_WARN_BOOL_CONVERSION = YES;
				CLANG_WARN_COMMA = YES;
				CLANG_WARN_CONSTANT_CONVERSION = YES;
				CLANG_WARN_DIRECT_OBJC_ISA_USAGE = YES_ERROR;
				CLANG_WARN_DOCUMENTATION_COMMENTS = YES;
				CLANG_WARN_EMPTY_BODY = YES;
				CLANG_WARN_ENUM_CONVERSION = YES;
				CLANG_WARN_INFINITE_RECURSION = YES;
				CLANG_WARN_INT_CONVERSION = YES;
				CLANG_WARN_NON_LITERAL_NULL_CONVERSION = YES;
				CLANG_WARN_OBJC_LITERAL_CONVERSION = YES;
				CLANG_WARN_OBJC_ROOT_CLASS = YES_ERROR;
				CLANG_WARN_RANGE_LOOP_ANALYSIS = YES;
				CLANG_WARN_STRICT_PROTOTYPES = YES;
				CLANG_WARN_SUSPICIOUS_MOVE = YES;
				CLANG_WARN_UNGUARDED_AVAILABILITY = YES_AGGRESSIVE;
				CLANG_WARN_UNREACHABLE_CODE = YES;
				CLANG_WARN__DUPLICATE_METHOD_MATCH = YES;
				CODE_SIGN_IDENTITY = "iPhone Developer";
				COPY_PHASE_STRIP = NO;
				DEBUG_INFORMATION_FORMAT = "dwarf-with-dsym";
				ENABLE_NS_ASSERTIONS = NO;
				ENABLE_STRICT_OBJC_MSGSEND = YES;
				GCC_C_LANGUAGE_STANDARD = gnu11;
				GCC_NO_COMMON_BLOCKS = YES;
				GCC_WARN_64_TO_32_BIT_CONVERSION = YES;
				GCC_WARN_ABOUT_RETURN_TYPE = YES_ERROR;
				GCC_WARN_UNDECLARED_SELECTOR = YES;
				GCC_WARN_UNINITIALIZED_AUTOS = YES_AGGRESSIVE;
				GCC_WARN_UNUSED_FUNCTION = YES;
				GCC_WARN_UNUSED_VARIABLE = YES;
				IPHONEOS_DEPLOYMENT_TARGET = 11.1;
				MTL_ENABLE_DEBUG_INFO = NO;
				SDKROOT = iphoneos;
				SWIFT_OPTIMIZATION_LEVEL = "-Owholemodule";
				VALIDATE_PRODUCT = YES;
			};
			name = Release;
		};
		65E5C0611FBBB1A0005E2BA1 /* Debug */ = {
			isa = XCBuildConfiguration;
			baseConfigurationReference = 1DF2B38CA7D256F8BD6C43D5 /* Pods-Whatsthat.debug.xcconfig */;
			buildSettings = {
				ASSETCATALOG_COMPILER_APPICON_NAME = AppIcon;
				ASSETCATALOG_COMPILER_LAUNCHIMAGE_NAME = LaunchImage;
				CODE_SIGN_STYLE = Automatic;
				DEVELOPMENT_TEAM = 5C3ZM693PT;
				INFOPLIST_FILE = Whatsthat/Info.plist;
				IPHONEOS_DEPLOYMENT_TARGET = 10.0;
				LD_RUNPATH_SEARCH_PATHS = "$(inherited) @executable_path/Frameworks";
				PRODUCT_BUNDLE_IDENTIFIER = com.jinfeng.Whatsthat;
				PRODUCT_NAME = "$(TARGET_NAME)";
				SWIFT_VERSION = 4.0;
				TARGETED_DEVICE_FAMILY = 1;
			};
			name = Debug;
		};
		65E5C0621FBBB1A0005E2BA1 /* Release */ = {
			isa = XCBuildConfiguration;
			baseConfigurationReference = 90BC4AFF5FBCA22EFDFFFA82 /* Pods-Whatsthat.release.xcconfig */;
			buildSettings = {
				ASSETCATALOG_COMPILER_APPICON_NAME = AppIcon;
				ASSETCATALOG_COMPILER_LAUNCHIMAGE_NAME = LaunchImage;
				CODE_SIGN_STYLE = Automatic;
				DEVELOPMENT_TEAM = 5C3ZM693PT;
				INFOPLIST_FILE = Whatsthat/Info.plist;
				IPHONEOS_DEPLOYMENT_TARGET = 10.0;
				LD_RUNPATH_SEARCH_PATHS = "$(inherited) @executable_path/Frameworks";
				PRODUCT_BUNDLE_IDENTIFIER = com.jinfeng.Whatsthat;
				PRODUCT_NAME = "$(TARGET_NAME)";
				SWIFT_VERSION = 4.0;
				TARGETED_DEVICE_FAMILY = 1;
			};
			name = Release;
		};
/* End XCBuildConfiguration section */

/* Begin XCConfigurationList section */
		65E5C0491FBBB1A0005E2BA1 /* Build configuration list for PBXProject "Whatsthat" */ = {
			isa = XCConfigurationList;
			buildConfigurations = (
				65E5C05E1FBBB1A0005E2BA1 /* Debug */,
				65E5C05F1FBBB1A0005E2BA1 /* Release */,
			);
			defaultConfigurationIsVisible = 0;
			defaultConfigurationName = Release;
		};
		65E5C0601FBBB1A0005E2BA1 /* Build configuration list for PBXNativeTarget "Whatsthat" */ = {
			isa = XCConfigurationList;
			buildConfigurations = (
				65E5C0611FBBB1A0005E2BA1 /* Debug */,
				65E5C0621FBBB1A0005E2BA1 /* Release */,
			);
			defaultConfigurationIsVisible = 0;
			defaultConfigurationName = Release;
		};
/* End XCConfigurationList section */
	};
	rootObject = 65E5C0461FBBB1A0005E2BA1 /* Project object */;
}
